
Microsoft Visual Studio Solution File, Format Version 12.00
# Visual Studio Version 17
VisualStudioVersion = 17.0.32112.339
MinimumVisualStudioVersion = 10.0.40219.1
Project("{9A19103F-16F7-4668-BE54-9A1E7A4F7556}") = "Diploma.WebApi", "Diploma.WebApi\Diploma.WebApi.csproj", "{FBBAB8A3-33FB-431A-A42F-C287E9AB0899}"
EndProject
Project("{FAE04EC0-301F-11D3-BF4B-00C04F79EFBC}") = "Diploma.Tests", "Diploma.Tests\Diploma.Tests.csproj", "{DFED1629-F071-4443-AC60-49BD7F12A23F}"
EndProject
Global
	GlobalSection(SolutionConfigurationPlatforms) = preSolution
		Debug|Any CPU = Debug|Any CPU
		Release|Any CPU = Release|Any CPU
	EndGlobalSection
	GlobalSection(ProjectConfigurationPlatforms) = postSolution
		{FBBAB8A3-33FB-431A-A42F-C287E9AB0899}.Debug|Any CPU.ActiveCfg = Debug|Any CPU
		{FBBAB8A3-33FB-431A-A42F-C287E9AB0899}.Debug|Any CPU.Build.0 = Debug|Any CPU
		{FBBAB8A3-33FB-431A-A42F-C287E9AB0899}.Release|Any CPU.ActiveCfg = Release|Any CPU
		{FBBAB8A3-33FB-431A-A42F-C287E9AB0899}.Release|Any CPU.Build.0 = Release|Any CPU
		{DFED1629-F071-4443-AC60-49BD7F12A23F}.Debug|Any CPU.ActiveCfg = Debug|Any CPU
		{DFED1629-F071-4443-AC60-49BD7F12A23F}.Debug|Any CPU.Build.0 = Debug|Any CPU
		{DFED1629-F071-4443-AC60-49BD7F12A23F}.Release|Any CPU.ActiveCfg = Release|Any CPU
		{DFED1629-F071-4443-AC60-49BD7F12A23F}.Release|Any CPU.Build.0 = Release|Any CPU
	EndGlobalSection
	GlobalSection(SolutionProperties) = preSolution
		HideSolutionNode = FALSE
	EndGlobalSection
	GlobalSection(ExtensibilityGlobals) = postSolution
		SolutionGuid = {810E33F0-9C23-412D-9FE8-60D24CBD4790}
	EndGlobalSection
EndGlobal
